
Microsoft Visual Studio Solution File, Format Version 12.00
# Visual Studio Version 16
VisualStudioVersion = 16.0.30503.244
MinimumVisualStudioVersion = 10.0.40219.1
Project("{FAE04EC0-301F-11D3-BF4B-00C04F79EFBC}") = "pipeline", "pipeline\pipeline.csproj", "{6B40203E-878A-4BEA-82BC-478236B241FC}"
EndProject
Global
	GlobalSection(SolutionConfigurationPlatforms) = preSolution
		Debug|Any CPU = Debug|Any CPU
		Release|Any CPU = Release|Any CPU
	EndGlobalSection
	GlobalSection(ProjectConfigurationPlatforms) = postSolution
		{6B40203E-878A-4BEA-82BC-478236B241FC}.Debug|Any CPU.ActiveCfg = Debug|Any CPU
		{6B40203E-878A-4BEA-82BC-478236B241FC}.Debug|Any CPU.Build.0 = Debug|Any CPU
		{6B40203E-878A-4BEA-82BC-478236B241FC}.Release|Any CPU.ActiveCfg = Release|Any CPU
		{6B40203E-878A-4BEA-82BC-478236B241FC}.Release|Any CPU.Build.0 = Release|Any CPU
	EndGlobalSection
	GlobalSection(SolutionProperties) = preSolution
		HideSolutionNode = FALSE
	EndGlobalSection
	GlobalSection(ExtensibilityGlobals) = postSolution
		SolutionGuid = {F3F58B78-8D56-434C-9449-1386CCD43F55}
	EndGlobalSection
EndGlobal
